
Microsoft Visual Studio Solution File, Format Version 12.00
# Visual Studio Version 17
VisualStudioVersion = 17.5.002.0
MinimumVisualStudioVersion = 10.0.40219.1
Project("{9A19103F-16F7-4668-BE54-9A1E7A4F7556}") = "WantoBuy", "WantoBuy.csproj", "{86441FFF-7BC6-48B1-927D-75912E5CE8F4}"
EndProject
Global
	GlobalSection(SolutionConfigurationPlatforms) = preSolution
		Debug|Any CPU = Debug|Any CPU
		Release|Any CPU = Release|Any CPU
	EndGlobalSection
	GlobalSection(ProjectConfigurationPlatforms) = postSolution
		{86441FFF-7BC6-48B1-927D-75912E5CE8F4}.Debug|Any CPU.ActiveCfg = Debug|Any CPU
		{86441FFF-7BC6-48B1-927D-75912E5CE8F4}.Debug|Any CPU.Build.0 = Debug|Any CPU
		{86441FFF-7BC6-48B1-927D-75912E5CE8F4}.Release|Any CPU.ActiveCfg = Release|Any CPU
		{86441FFF-7BC6-48B1-927D-75912E5CE8F4}.Release|Any CPU.Build.0 = Release|Any CPU
	EndGlobalSection
	GlobalSection(SolutionProperties) = preSolution
		HideSolutionNode = FALSE
	EndGlobalSection
	GlobalSection(ExtensibilityGlobals) = postSolution
		SolutionGuid = {BA5A78BC-AF38-498F-BC9F-D5D22810A1A9}
	EndGlobalSection
EndGlobal
